{
  "requires": true,
  "lockfileVersion": 1,
  "dependencies": {
    "dom7": {
      "version": "2.1.2",
      "resolved": "https://registry.npmjs.org/dom7/-/dom7-2.1.2.tgz",
      "integrity": "sha512-cGwWtpu7KY3JnbREGqG4EGC/u+1hyLfWVMqrqRjmwiO8d5i4B+0imLZAQ/cJbiXnjbs0pdIUzcUyeI9BbnyKNg==",
      "requires": {
        "ssr-window": "^1.0.1"
      }
    },
    "ssr-window": {
      "version": "1.0.1",
      "resolved": "https://registry.npmjs.org/ssr-window/-/ssr-window-1.0.1.tgz",
      "integrity": "sha512-dgFqB+f00LJTEgb6UXhx0h+SrG50LJvti2yMKMqAgzfUmUXZrLSv2fjULF7AWGwK25EXu8+smLR3jYsJQChPsg=="
    },
    "swiper": {
      "version": "4.4.2",
      "resolved": "https://registry.npmjs.org/swiper/-/swiper-4.4.2.tgz",
      "integrity": "sha512-Vfl4Zw4Z7iZwUu5S11JeC7OSy4nwky29nkUulkmg8lIqcWla6UtOhdap0gkyJRYS+UJXki+GWQsbFM0SZRxZPQ==",
      "requires": {
        "dom7": "^2.1.2",
        "ssr-window": "^1.0.1"
      }
    }
  }
}
